// !$*UTF8*$!
{
	archiveVersion = 1;
	classes = {
	};
	objectVersion = 60;
	objects = {

/* Begin PBXBuildFile section */
		56C0156A2B4D748600E51B4A /* ExampleiOSApp.swift in Sources */ = {isa = PBXBuildFile; fileRef = 56C015692B4D748600E51B4A /* ExampleiOSApp.swift */; };
		56C0156C2B4D748600E51B4A /* ContentView.swift in Sources */ = {isa = PBXBuildFile; fileRef = 56C0156B2B4D748600E51B4A /* ContentView.swift */; };
		56C0156E2B4D748700E51B4A /* Assets.xcassets in Resources */ = {isa = PBXBuildFile; fileRef = 56C0156D2B4D748700E51B4A /* Assets.xcassets */; };
		56C015712B4D748700E51B4A /* Preview Assets.xcassets in Resources */ = {isa = PBXBuildFile; fileRef = 56C015702B4D748700E51B4A /* Preview Assets.xcassets */; };
		56C0157C2B4D74D700E51B4A /* Functions.swift in Sources */ = {isa = PBXBuildFile; fileRef = 56C0157B2B4D74D700E51B4A /* Functions.swift */; };
		56C0157E2B4D74E300E51B4A /* MyRenderer.swift in Sources */ = {isa = PBXBuildFile; fileRef = 56C0157D2B4D74E300E51B4A /* MyRenderer.swift */; };
		56C015872B4D7CC100E51B4A /* EasyMetalShader in Frameworks */ = {isa = PBXBuildFile; productRef = 56C015862B4D7CC100E51B4A /* EasyMetalShader */; };
/* End PBXBuildFile section */

/* Begin PBXFileReference section */
		56C015662B4D748600E51B4A /* ExampleiOS.app */ = {isa = PBXFileReference; explicitFileType = wrapper.application; includeInIndex = 0; path = ExampleiOS.app; sourceTree = BUILT_PRODUCTS_DIR; };
		56C015692B4D748600E51B4A /* ExampleiOSApp.swift */ = {isa = PBXFileReference; lastKnownFileType = sourcecode.swift; path = ExampleiOSApp.swift; sourceTree = "<group>"; };
		56C0156B2B4D748600E51B4A /* ContentView.swift */ = {isa = PBXFileReference; lastKnownFileType = sourcecode.swift; path = ContentView.swift; sourceTree = "<group>"; };
		56C0156D2B4D748700E51B4A /* Assets.xcassets */ = {isa = PBXFileReference; lastKnownFileType = folder.assetcatalog; path = Assets.xcassets; sourceTree = "<group>"; };
		56C015702B4D748700E51B4A /* Preview Assets.xcassets */ = {isa = PBXFileReference; lastKnownFileType = folder.assetcatalog; path = "Preview Assets.xcassets"; sourceTree = "<group>"; };
		56C0157B2B4D74D700E51B4A /* Functions.swift */ = {isa = PBXFileReference; lastKnownFileType = sourcecode.swift; path = Functions.swift; sourceTree = "<group>"; };
		56C0157D2B4D74E300E51B4A /* MyRenderer.swift */ = {isa = PBXFileReference; lastKnownFileType = sourcecode.swift; path = MyRenderer.swift; sourceTree = "<group>"; };
/* End PBXFileReference section */

/* Begin PBXFrameworksBuildPhase section */
		56C015632B4D748600E51B4A /* Frameworks */ = {
			isa = PBXFrameworksBuildPhase;
			buildActionMask = 2147483647;
			files = (
				56C015872B4D7CC100E51B4A /* EasyMetalShader in Frameworks */,
			);
			runOnlyForDeploymentPostprocessing = 0;
		};
/* End PBXFrameworksBuildPhase section */

/* Begin PBXGroup section */
		56C0155D2B4D748600E51B4A = {
			isa = PBXGroup;
			children = (
				56C015682B4D748600E51B4A /* ExampleiOS */,
				56C015672B4D748600E51B4A /* Products */,
				56C015852B4D7CC100E51B4A /* Frameworks */,
			);
			sourceTree = "<group>";
		};
		56C015672B4D748600E51B4A /* Products */ = {
			isa = PBXGroup;
			children = (
				56C015662B4D748600E51B4A /* ExampleiOS.app */,
			);
			name = Products;
			sourceTree = "<group>";
		};
		56C015682B4D748600E51B4A /* ExampleiOS */ = {
			isa = PBXGroup;
			children = (
				56C0157A2B4D74D100E51B4A /* Logic */,
				56C015692B4D748600E51B4A /* ExampleiOSApp.swift */,
				56C0156B2B4D748600E51B4A /* ContentView.swift */,
				56C0156D2B4D748700E51B4A /* Assets.xcassets */,
				56C0156F2B4D748700E51B4A /* Preview Content */,
			);
			path = ExampleiOS;
			sourceTree = "<group>";
		};
		56C0156F2B4D748700E51B4A /* Preview Content */ = {
			isa = PBXGroup;
			children = (
				56C015702B4D748700E51B4A /* Preview Assets.xcassets */,
			);
			path = "Preview Content";
			sourceTree = "<group>";
		};
		56C0157A2B4D74D100E51B4A /* Logic */ = {
			isa = PBXGroup;
			children = (
				56C0157B2B4D74D700E51B4A /* Functions.swift */,
				56C0157D2B4D74E300E51B4A /* MyRenderer.swift */,
			);
			path = Logic;
			sourceTree = "<group>";
		};
		56C015852B4D7CC100E51B4A /* Frameworks */ = {
			isa = PBXGroup;
			children = (
			);
			name = Frameworks;
			sourceTree = "<group>";
		};
/* End PBXGroup section */

/* Begin PBXNativeTarget section */
		56C015652B4D748600E51B4A /* ExampleiOS */ = {
			isa = PBXNativeTarget;
			buildConfigurationList = 56C015742B4D748700E51B4A /* Build configuration list for PBXNativeTarget "ExampleiOS" */;
			buildPhases = (
				56C015622B4D748600E51B4A /* Sources */,
				56C015632B4D748600E51B4A /* Frameworks */,
				56C015642B4D748600E51B4A /* Resources */,
			);
			buildRules = (
			);
			dependencies = (
			);
			name = ExampleiOS;
			packageProductDependencies = (
				56C015862B4D7CC100E51B4A /* EasyMetalShader */,
			);
			productName = ExampleiOS;
			productReference = 56C015662B4D748600E51B4A /* ExampleiOS.app */;
			productType = "com.apple.product-type.application";
		};
/* End PBXNativeTarget section */

/* Begin PBXProject section */
		56C0155E2B4D748600E51B4A /* Project object */ = {
			isa = PBXProject;
			attributes = {
				BuildIndependentTargetsInParallel = 1;
				LastSwiftUpdateCheck = 1510;
				LastUpgradeCheck = 1510;
				TargetAttributes = {
					56C015652B4D748600E51B4A = {
						CreatedOnToolsVersion = 15.1;
					};
				};
			};
			buildConfigurationList = 56C015612B4D748600E51B4A /* Build configuration list for PBXProject "ExampleiOS" */;
			compatibilityVersion = "Xcode 14.0";
			developmentRegion = en;
			hasScannedForEncodings = 0;
			knownRegions = (
				en,
				Base,
			);
			mainGroup = 56C0155D2B4D748600E51B4A;
			packageReferences = (
				56C0157F2B4D76E500E51B4A /* XCLocalSwiftPackageReference "../.." */,
			);
			productRefGroup = 56C015672B4D748600E51B4A /* Products */;
			projectDirPath = "";
			projectRoot = "";
			targets = (
				56C015652B4D748600E51B4A /* ExampleiOS */,
			);
		};
/* End PBXProject section */

/* Begin PBXResourcesBuildPhase section */
		56C015642B4D748600E51B4A /* Resources */ = {
			isa = PBXResourcesBuildPhase;
			buildActionMask = 2147483647;
			files = (
				56C015712B4D748700E51B4A /* Preview Assets.xcassets in Resources */,
				56C0156E2B4D748700E51B4A /* Assets.xcassets in Resources */,
			);
			runOnlyForDeploymentPostprocessing = 0;
		};
/* End PBXResourcesBuildPhase section */

/* Begin PBXSourcesBuildPhase section */
		56C015622B4D748600E51B4A /* Sources */ = {
			isa = PBXSourcesBuildPhase;
			buildActionMask = 2147483647;
			files = (
				56C0157E2B4D74E300E51B4A /* MyRenderer.swift in Sources */,
				56C0156C2B4D748600E51B4A /* ContentView.swift in Sources */,
				56C0156A2B4D748600E51B4A /* ExampleiOSApp.swift in Sources */,
				56C0157C2B4D74D700E51B4A /* Functions.swift in Sources */,
			);
			runOnlyForDeploymentPostprocessing = 0;
		};
/* End PBXSourcesBuildPhase section */

/* Begin XCBuildConfiguration section */
		56C015722B4D748700E51B4A /* Debug */ = {
			isa = XCBuildConfiguration;
			buildSettings = {
				ALWAYS_SEARCH_USER_PATHS = NO;
				ASSETCATALOG_COMPILER_GENERATE_SWIFT_ASSET_SYMBOL_EXTENSIONS = YES;
				CLANG_ANALYZER_NONNULL = YES;
				CLANG_ANALYZER_NUMBER_OBJECT_CONVERSION = YES_AGGRESSIVE;
				CLANG_CXX_LANGUAGE_STANDARD = "gnu++20";
				CLANG_ENABLE_MODULES = YES;
				CLANG_ENABLE_OBJC_ARC = YES;
				CLANG_ENABLE_OBJC_WEAK = YES;
				CLANG_WARN_BLOCK_CAPTURE_AUTORELEASING = YES;
				CLANG_WARN_BOOL_CONVERSION = YES;
				CLANG_WARN_COMMA = YES;
				CLANG_WARN_CONSTANT_CONVERSION = YES;
				CLANG_WARN_DEPRECATED_OBJC_IMPLEMENTATIONS = YES;
				CLANG_WARN_DIRECT_OBJC_ISA_USAGE = YES_ERROR;
				CLANG_WARN_DOCUMENTATION_COMMENTS = YES;
				CLANG_WARN_EMPTY_BODY = YES;
				CLANG_WARN_ENUM_CONVERSION = YES;
				CLANG_WARN_INFINITE_RECURSION = YES;
				CLANG_WARN_INT_CONVERSION = YES;
				CLANG_WARN_NON_LITERAL_NULL_CONVERSION = YES;
				CLANG_WARN_OBJC_IMPLICIT_RETAIN_SELF = YES;
				CLANG_WARN_OBJC_LITERAL_CONVERSION = YES;
				CLANG_WARN_OBJC_ROOT_CLASS = YES_ERROR;
				CLANG_WARN_QUOTED_INCLUDE_IN_FRAMEWORK_HEADER = YES;
				CLANG_WARN_RANGE_LOOP_ANALYSIS = YES;
				CLANG_WARN_STRICT_PROTOTYPES = YES;
				CLANG_WARN_SUSPICIOUS_MOVE = YES;
				CLANG_WARN_UNGUARDED_AVAILABILITY = YES_AGGRESSIVE;
				CLANG_WARN_UNREACHABLE_CODE = YES;
				CLANG_WARN__DUPLICATE_METHOD_MATCH = YES;
				COPY_PHASE_STRIP = NO;
				DEBUG_INFORMATION_FORMAT = dwarf;
				ENABLE_STRICT_OBJC_MSGSEND = YES;
				ENABLE_TESTABILITY = YES;
				ENABLE_USER_SCRIPT_SANDBOXING = YES;
				GCC_C_LANGUAGE_STANDARD = gnu17;
				GCC_DYNAMIC_NO_PIC = NO;
				GCC_NO_COMMON_BLOCKS = YES;
				GCC_OPTIMIZATION_LEVEL = 0;
				GCC_PREPROCESSOR_DEFINITIONS = (
					"DEBUG=1",
					"$(inherited)",
				);
				GCC_WARN_64_TO_32_BIT_CONVERSION = YES;
				GCC_WARN_ABOUT_RETURN_TYPE = YES_ERROR;
				GCC_WARN_UNDECLARED_SELECTOR = YES;
				GCC_WARN_UNINITIALIZED_AUTOS = YES_AGGRESSIVE;
				GCC_WARN_UNUSED_FUNCTION = YES;
				GCC_WARN_UNUSED_VARIABLE = YES;
				IPHONEOS_DEPLOYMENT_TARGET = 14.0;
				LOCALIZATION_PREFERS_STRING_CATALOGS = YES;
				MTL_ENABLE_DEBUG_INFO = INCLUDE_SOURCE;
				MTL_FAST_MATH = YES;
				ONLY_ACTIVE_ARCH = YES;
				SDKROOT = iphoneos;
				SWIFT_ACTIVE_COMPILATION_CONDITIONS = "DEBUG $(inherited)";
				SWIFT_OPTIMIZATION_LEVEL = "-Onone";
			};
			name = Debug;
		};
		56C015732B4D748700E51B4A /* Release */ = {
			isa = XCBuildConfiguration;
			buildSettings = {
				ALWAYS_SEARCH_USER_PATHS = NO;
				ASSETCATALOG_COMPILER_GENERATE_SWIFT_ASSET_SYMBOL_EXTENSIONS = YES;
				CLANG_ANALYZER_NONNULL = YES;
				CLANG_ANALYZER_NUMBER_OBJECT_CONVERSION = YES_AGGRESSIVE;
				CLANG_CXX_LANGUAGE_STANDARD = "gnu++20";
				CLANG_ENABLE_MODULES = YES;
				CLANG_ENABLE_OBJC_ARC = YES;
				CLANG_ENABLE_OBJC_WEAK = YES;
				CLANG_WARN_BLOCK_CAPTURE_AUTORELEASING = YES;
				CLANG_WARN_BOOL_CONVERSION = YES;
				CLANG_WARN_COMMA = YES;
				CLANG_WARN_CONSTANT_CONVERSION = YES;
				CLANG_WARN_DEPRECATED_OBJC_IMPLEMENTATIONS = YES;
				CLANG_WARN_DIRECT_OBJC_ISA_USAGE = YES_ERROR;
				CLANG_WARN_DOCUMENTATION_COMMENTS = YES;
				CLANG_WARN_EMPTY_BODY = YES;
				CLANG_WARN_ENUM_CONVERSION = YES;
				CLANG_WARN_INFINITE_RECURSION = YES;
				CLANG_WARN_INT_CONVERSION = YES;
				CLANG_WARN_NON_LITERAL_NULL_CONVERSION = YES;
				CLANG_WARN_OBJC_IMPLICIT_RETAIN_SELF = YES;
				CLANG_WARN_OBJC_LITERAL_CONVERSION = YES;
				CLANG_WARN_OBJC_ROOT_CLASS = YES_ERROR;
				CLANG_WARN_QUOTED_INCLUDE_IN_FRAMEWORK_HEADER = YES;
				CLANG_WARN_RANGE_LOOP_ANALYSIS = YES;
				CLANG_WARN_STRICT_PROTOTYPES = YES;
				CLANG_WARN_SUSPICIOUS_MOVE = YES;
				CLANG_WARN_UNGUARDED_AVAILABILITY = YES_AGGRESSIVE;
				CLANG_WARN_UNREACHABLE_CODE = YES;
				CLANG_WARN__DUPLICATE_METHOD_MATCH = YES;
				COPY_PHASE_STRIP = NO;
				DEBUG_INFORMATION_FORMAT = "dwarf-with-dsym";
				ENABLE_NS_ASSERTIONS = NO;
				ENABLE_STRICT_OBJC_MSGSEND = YES;
				ENABLE_USER_SCRIPT_SANDBOXING = YES;
				GCC_C_LANGUAGE_STANDARD = gnu17;
				GCC_NO_COMMON_BLOCKS = YES;
				GCC_WARN_64_TO_32_BIT_CONVERSION = YES;
				GCC_WARN_ABOUT_RETURN_TYPE = YES_ERROR;
				GCC_WARN_UNDECLARED_SELECTOR = YES;
				GCC_WARN_UNINITIALIZED_AUTOS = YES_AGGRESSIVE;
				GCC_WARN_UNUSED_FUNCTION = YES;
				GCC_WARN_UNUSED_VARIABLE = YES;
				IPHONEOS_DEPLOYMENT_TARGET = 14.0;
				LOCALIZATION_PREFERS_STRING_CATALOGS = YES;
				MTL_ENABLE_DEBUG_INFO = NO;
				MTL_FAST_MATH = YES;
				SDKROOT = iphoneos;
				SWIFT_COMPILATION_MODE = wholemodule;
				VALIDATE_PRODUCT = YES;
			};
			name = Release;
		};
		56C015752B4D748700E51B4A /* Debug */ = {
			isa = XCBuildConfiguration;
			buildSettings = {
				ASSETCATALOG_COMPILER_APPICON_NAME = AppIcon;
				ASSETCATALOG_COMPILER_GLOBAL_ACCENT_COLOR_NAME = AccentColor;
				CODE_SIGN_STYLE = Automatic;
				CURRENT_PROJECT_VERSION = 1;
				DEVELOPMENT_ASSET_PATHS = "\"ExampleiOS/Preview Content\"";
				DEVELOPMENT_TEAM = XH2JMYC7KB;
				ENABLE_PREVIEWS = YES;
				GENERATE_INFOPLIST_FILE = YES;
				INFOPLIST_KEY_UIApplicationSceneManifest_Generation = YES;
				INFOPLIST_KEY_UIApplicationSupportsIndirectInputEvents = YES;
				INFOPLIST_KEY_UILaunchScreen_Generation = YES;
				INFOPLIST_KEY_UISupportedInterfaceOrientations_iPad = "UIInterfaceOrientationPortrait UIInterfaceOrientationPortraitUpsideDown UIInterfaceOrientationLandscapeLeft UIInterfaceOrientationLandscapeRight";
				INFOPLIST_KEY_UISupportedInterfaceOrientations_iPhone = "UIInterfaceOrientationPortrait UIInterfaceOrientationLandscapeLeft UIInterfaceOrientationLandscapeRight";
				IPHONEOS_DEPLOYMENT_TARGET = 14.0;
				LD_RUNPATH_SEARCH_PATHS = (
					"$(inherited)",
					"@executable_path/Frameworks",
				);
				MARKETING_VERSION = 1.0;
				PRODUCT_BUNDLE_IDENTIFIER = com.yukiny.app.ExampleiOS;
				PRODUCT_NAME = "$(TARGET_NAME)";
				SWIFT_EMIT_LOC_STRINGS = YES;
				SWIFT_VERSION = 5.0;
				TARGETED_DEVICE_FAMILY = "1,2";
			};
			name = Debug;
		};
		56C015762B4D748700E51B4A /* Release */ = {
			isa = XCBuildConfiguration;
			buildSettings = {
				ASSETCATALOG_COMPILER_APPICON_NAME = AppIcon;
				ASSETCATALOG_COMPILER_GLOBAL_ACCENT_COLOR_NAME = AccentColor;
				CODE_SIGN_STYLE = Automatic;
				CURRENT_PROJECT_VERSION = 1;
				DEVELOPMENT_ASSET_PATHS = "\"ExampleiOS/Preview Content\"";
				DEVELOPMENT_TEAM = XH2JMYC7KB;
				ENABLE_PREVIEWS = YES;
				GENERATE_INFOPLIST_FILE = YES;
				INFOPLIST_KEY_UIApplicationSceneManifest_Generation = YES;
				INFOPLIST_KEY_UIApplicationSupportsIndirectInputEvents = YES;
				INFOPLIST_KEY_UILaunchScreen_Generation = YES;
				INFOPLIST_KEY_UISupportedInterfaceOrientations_iPad = "UIInterfaceOrientationPortrait UIInterfaceOrientationPortraitUpsideDown UIInterfaceOrientationLandscapeLeft UIInterfaceOrientationLandscapeRight";
				INFOPLIST_KEY_UISupportedInterfaceOrientations_iPhone = "UIInterfaceOrientationPortrait UIInterfaceOrientationLandscapeLeft UIInterfaceOrientationLandscapeRight";
				IPHONEOS_DEPLOYMENT_TARGET = 14.0;
				LD_RUNPATH_SEARCH_PATHS = (
					"$(inherited)",
					"@executable_path/Frameworks",
				);
				MARKETING_VERSION = 1.0;
				PRODUCT_BUNDLE_IDENTIFIER = com.yukiny.app.ExampleiOS;
				PRODUCT_NAME = "$(TARGET_NAME)";
				SWIFT_EMIT_LOC_STRINGS = YES;
				SWIFT_VERSION = 5.0;
				TARGETED_DEVICE_FAMILY = "1,2";
			};
			name = Release;
		};
/* End XCBuildConfiguration section */

/* Begin XCConfigurationList section */
		56C015612B4D748600E51B4A /* Build configuration list for PBXProject "ExampleiOS" */ = {
			isa = XCConfigurationList;
			buildConfigurations = (
				56C015722B4D748700E51B4A /* Debug */,
				56C015732B4D748700E51B4A /* Release */,
			);
			defaultConfigurationIsVisible = 0;
			defaultConfigurationName = Release;
		};
		56C015742B4D748700E51B4A /* Build configuration list for PBXNativeTarget "ExampleiOS" */ = {
			isa = XCConfigurationList;
			buildConfigurations = (
				56C015752B4D748700E51B4A /* Debug */,
				56C015762B4D748700E51B4A /* Release */,
			);
			defaultConfigurationIsVisible = 0;
			defaultConfigurationName = Release;
		};
/* End XCConfigurationList section */

/* Begin XCLocalSwiftPackageReference section */
		56C0157F2B4D76E500E51B4A /* XCLocalSwiftPackageReference "../.." */ = {
			isa = XCLocalSwiftPackageReference;
			relativePath = ../..;
		};
/* End XCLocalSwiftPackageReference section */

/* Begin XCSwiftPackageProductDependency section */
		56C015862B4D7CC100E51B4A /* EasyMetalShader */ = {
			isa = XCSwiftPackageProductDependency;
			productName = EasyMetalShader;
		};
/* End XCSwiftPackageProductDependency section */
	};
	rootObject = 56C0155E2B4D748600E51B4A /* Project object */;
}
