// !$*UTF8*$!
{
	archiveVersion = 1;
	classes = {
	};
	objectVersion = 60;
	objects = {

/* Begin PBXBuildFile section */
		5614C4E92B45BD86004D18FE /* ExampleMacOSApp.swift in Sources */ = {isa = PBXBuildFile; fileRef = 5614C4E82B45BD86004D18FE /* ExampleMacOSApp.swift */; };
		5614C4EB2B45BD86004D18FE /* ContentView.swift in Sources */ = {isa = PBXBuildFile; fileRef = 5614C4EA2B45BD86004D18FE /* ContentView.swift */; };
		5614C4ED2B45BD87004D18FE /* Assets.xcassets in Resources */ = {isa = PBXBuildFile; fileRef = 5614C4EC2B45BD87004D18FE /* Assets.xcassets */; };
		5614C4F02B45BD87004D18FE /* Preview Assets.xcassets in Resources */ = {isa = PBXBuildFile; fileRef = 5614C4EF2B45BD87004D18FE /* Preview Assets.xcassets */; };
		5614C4F92B45BD97004D18FE /* EasyMetalShader in Frameworks */ = {isa = PBXBuildFile; productRef = 5614C4F82B45BD97004D18FE /* EasyMetalShader */; };
		5614C4FC2B45C313004D18FE /* Functions.swift in Sources */ = {isa = PBXBuildFile; fileRef = 5614C4FB2B45C313004D18FE /* Functions.swift */; };
		5614C4FE2B45C327004D18FE /* MyRenderer.swift in Sources */ = {isa = PBXBuildFile; fileRef = 5614C4FD2B45C327004D18FE /* MyRenderer.swift */; };
/* End PBXBuildFile section */

/* Begin PBXFileReference section */
		5614C4E52B45BD85004D18FE /* ExampleMacOS.app */ = {isa = PBXFileReference; explicitFileType = wrapper.application; includeInIndex = 0; path = ExampleMacOS.app; sourceTree = BUILT_PRODUCTS_DIR; };
		5614C4E82B45BD86004D18FE /* ExampleMacOSApp.swift */ = {isa = PBXFileReference; lastKnownFileType = sourcecode.swift; path = ExampleMacOSApp.swift; sourceTree = "<group>"; };
		5614C4EA2B45BD86004D18FE /* ContentView.swift */ = {isa = PBXFileReference; lastKnownFileType = sourcecode.swift; path = ContentView.swift; sourceTree = "<group>"; };
		5614C4EC2B45BD87004D18FE /* Assets.xcassets */ = {isa = PBXFileReference; lastKnownFileType = folder.assetcatalog; path = Assets.xcassets; sourceTree = "<group>"; };
		5614C4EF2B45BD87004D18FE /* Preview Assets.xcassets */ = {isa = PBXFileReference; lastKnownFileType = folder.assetcatalog; path = "Preview Assets.xcassets"; sourceTree = "<group>"; };
		5614C4F12B45BD87004D18FE /* ExampleMacOS.entitlements */ = {isa = PBXFileReference; lastKnownFileType = text.plist.entitlements; path = ExampleMacOS.entitlements; sourceTree = "<group>"; };
		5614C4FB2B45C313004D18FE /* Functions.swift */ = {isa = PBXFileReference; lastKnownFileType = sourcecode.swift; path = Functions.swift; sourceTree = "<group>"; };
		5614C4FD2B45C327004D18FE /* MyRenderer.swift */ = {isa = PBXFileReference; lastKnownFileType = sourcecode.swift; path = MyRenderer.swift; sourceTree = "<group>"; };
/* End PBXFileReference section */

/* Begin PBXFrameworksBuildPhase section */
		5614C4E22B45BD85004D18FE /* Frameworks */ = {
			isa = PBXFrameworksBuildPhase;
			buildActionMask = 2147483647;
			files = (
				5614C4F92B45BD97004D18FE /* EasyMetalShader in Frameworks */,
			);
			runOnlyForDeploymentPostprocessing = 0;
		};
/* End PBXFrameworksBuildPhase section */

/* Begin PBXGroup section */
		5614C4DC2B45BD85004D18FE = {
			isa = PBXGroup;
			children = (
				5614C4E72B45BD85004D18FE /* ExampleMacOS */,
				5614C4E62B45BD85004D18FE /* Products */,
			);
			sourceTree = "<group>";
		};
		5614C4E62B45BD85004D18FE /* Products */ = {
			isa = PBXGroup;
			children = (
				5614C4E52B45BD85004D18FE /* ExampleMacOS.app */,
			);
			name = Products;
			sourceTree = "<group>";
		};
		5614C4E72B45BD85004D18FE /* ExampleMacOS */ = {
			isa = PBXGroup;
			children = (
				5614C4FA2B45C30C004D18FE /* Logic */,
				5614C4E82B45BD86004D18FE /* ExampleMacOSApp.swift */,
				5614C4EA2B45BD86004D18FE /* ContentView.swift */,
				5614C4EC2B45BD87004D18FE /* Assets.xcassets */,
				5614C4F12B45BD87004D18FE /* ExampleMacOS.entitlements */,
				5614C4EE2B45BD87004D18FE /* Preview Content */,
			);
			path = ExampleMacOS;
			sourceTree = "<group>";
		};
		5614C4EE2B45BD87004D18FE /* Preview Content */ = {
			isa = PBXGroup;
			children = (
				5614C4EF2B45BD87004D18FE /* Preview Assets.xcassets */,
			);
			path = "Preview Content";
			sourceTree = "<group>";
		};
		5614C4FA2B45C30C004D18FE /* Logic */ = {
			isa = PBXGroup;
			children = (
				5614C4FB2B45C313004D18FE /* Functions.swift */,
				5614C4FD2B45C327004D18FE /* MyRenderer.swift */,
			);
			path = Logic;
			sourceTree = "<group>";
		};
/* End PBXGroup section */

/* Begin PBXNativeTarget section */
		5614C4E42B45BD85004D18FE /* ExampleMacOS */ = {
			isa = PBXNativeTarget;
			buildConfigurationList = 5614C4F42B45BD87004D18FE /* Build configuration list for PBXNativeTarget "ExampleMacOS" */;
			buildPhases = (
				5614C4E12B45BD85004D18FE /* Sources */,
				5614C4E22B45BD85004D18FE /* Frameworks */,
				5614C4E32B45BD85004D18FE /* Resources */,
			);
			buildRules = (
			);
			dependencies = (
			);
			name = ExampleMacOS;
			packageProductDependencies = (
				5614C4F82B45BD97004D18FE /* EasyMetalShader */,
			);
			productName = ExampleMacOS;
			productReference = 5614C4E52B45BD85004D18FE /* ExampleMacOS.app */;
			productType = "com.apple.product-type.application";
		};
/* End PBXNativeTarget section */

/* Begin PBXProject section */
		5614C4DD2B45BD85004D18FE /* Project object */ = {
			isa = PBXProject;
			attributes = {
				BuildIndependentTargetsInParallel = 1;
				LastSwiftUpdateCheck = 1510;
				LastUpgradeCheck = 1510;
				TargetAttributes = {
					5614C4E42B45BD85004D18FE = {
						CreatedOnToolsVersion = 15.1;
					};
				};
			};
			buildConfigurationList = 5614C4E02B45BD85004D18FE /* Build configuration list for PBXProject "ExampleMacOS" */;
			compatibilityVersion = "Xcode 14.0";
			developmentRegion = en;
			hasScannedForEncodings = 0;
			knownRegions = (
				en,
				Base,
			);
			mainGroup = 5614C4DC2B45BD85004D18FE;
			packageReferences = (
				5614C4F72B45BD97004D18FE /* XCLocalSwiftPackageReference "../.." */,
			);
			productRefGroup = 5614C4E62B45BD85004D18FE /* Products */;
			projectDirPath = "";
			projectRoot = "";
			targets = (
				5614C4E42B45BD85004D18FE /* ExampleMacOS */,
			);
		};
/* End PBXProject section */

/* Begin PBXResourcesBuildPhase section */
		5614C4E32B45BD85004D18FE /* Resources */ = {
			isa = PBXResourcesBuildPhase;
			buildActionMask = 2147483647;
			files = (
				5614C4F02B45BD87004D18FE /* Preview Assets.xcassets in Resources */,
				5614C4ED2B45BD87004D18FE /* Assets.xcassets in Resources */,
			);
			runOnlyForDeploymentPostprocessing = 0;
		};
/* End PBXResourcesBuildPhase section */

/* Begin PBXSourcesBuildPhase section */
		5614C4E12B45BD85004D18FE /* Sources */ = {
			isa = PBXSourcesBuildPhase;
			buildActionMask = 2147483647;
			files = (
				5614C4FE2B45C327004D18FE /* MyRenderer.swift in Sources */,
				5614C4EB2B45BD86004D18FE /* ContentView.swift in Sources */,
				5614C4E92B45BD86004D18FE /* ExampleMacOSApp.swift in Sources */,
				5614C4FC2B45C313004D18FE /* Functions.swift in Sources */,
			);
			runOnlyForDeploymentPostprocessing = 0;
		};
/* End PBXSourcesBuildPhase section */

/* Begin XCBuildConfiguration section */
		5614C4F22B45BD87004D18FE /* Debug */ = {
			isa = XCBuildConfiguration;
			buildSettings = {
				ALWAYS_SEARCH_USER_PATHS = NO;
				ASSETCATALOG_COMPILER_GENERATE_SWIFT_ASSET_SYMBOL_EXTENSIONS = YES;
				CLANG_ANALYZER_NONNULL = YES;
				CLANG_ANALYZER_NUMBER_OBJECT_CONVERSION = YES_AGGRESSIVE;
				CLANG_CXX_LANGUAGE_STANDARD = "gnu++20";
				CLANG_ENABLE_MODULES = YES;
				CLANG_ENABLE_OBJC_ARC = YES;
				CLANG_ENABLE_OBJC_WEAK = YES;
				CLANG_WARN_BLOCK_CAPTURE_AUTORELEASING = YES;
				CLANG_WARN_BOOL_CONVERSION = YES;
				CLANG_WARN_COMMA = YES;
				CLANG_WARN_CONSTANT_CONVERSION = YES;
				CLANG_WARN_DEPRECATED_OBJC_IMPLEMENTATIONS = YES;
				CLANG_WARN_DIRECT_OBJC_ISA_USAGE = YES_ERROR;
				CLANG_WARN_DOCUMENTATION_COMMENTS = YES;
				CLANG_WARN_EMPTY_BODY = YES;
				CLANG_WARN_ENUM_CONVERSION = YES;
				CLANG_WARN_INFINITE_RECURSION = YES;
				CLANG_WARN_INT_CONVERSION = YES;
				CLANG_WARN_NON_LITERAL_NULL_CONVERSION = YES;
				CLANG_WARN_OBJC_IMPLICIT_RETAIN_SELF = YES;
				CLANG_WARN_OBJC_LITERAL_CONVERSION = YES;
				CLANG_WARN_OBJC_ROOT_CLASS = YES_ERROR;
				CLANG_WARN_QUOTED_INCLUDE_IN_FRAMEWORK_HEADER = YES;
				CLANG_WARN_RANGE_LOOP_ANALYSIS = YES;
				CLANG_WARN_STRICT_PROTOTYPES = YES;
				CLANG_WARN_SUSPICIOUS_MOVE = YES;
				CLANG_WARN_UNGUARDED_AVAILABILITY = YES_AGGRESSIVE;
				CLANG_WARN_UNREACHABLE_CODE = YES;
				CLANG_WARN__DUPLICATE_METHOD_MATCH = YES;
				COPY_PHASE_STRIP = NO;
				DEBUG_INFORMATION_FORMAT = dwarf;
				ENABLE_STRICT_OBJC_MSGSEND = YES;
				ENABLE_TESTABILITY = YES;
				ENABLE_USER_SCRIPT_SANDBOXING = YES;
				GCC_C_LANGUAGE_STANDARD = gnu17;
				GCC_DYNAMIC_NO_PIC = NO;
				GCC_NO_COMMON_BLOCKS = YES;
				GCC_OPTIMIZATION_LEVEL = 0;
				GCC_PREPROCESSOR_DEFINITIONS = (
					"DEBUG=1",
					"$(inherited)",
				);
				GCC_WARN_64_TO_32_BIT_CONVERSION = YES;
				GCC_WARN_ABOUT_RETURN_TYPE = YES_ERROR;
				GCC_WARN_UNDECLARED_SELECTOR = YES;
				GCC_WARN_UNINITIALIZED_AUTOS = YES_AGGRESSIVE;
				GCC_WARN_UNUSED_FUNCTION = YES;
				GCC_WARN_UNUSED_VARIABLE = YES;
				LOCALIZATION_PREFERS_STRING_CATALOGS = YES;
				MACOSX_DEPLOYMENT_TARGET = 14.0;
				MTL_ENABLE_DEBUG_INFO = INCLUDE_SOURCE;
				MTL_FAST_MATH = YES;
				ONLY_ACTIVE_ARCH = YES;
				SDKROOT = macosx;
				SWIFT_ACTIVE_COMPILATION_CONDITIONS = "DEBUG $(inherited)";
				SWIFT_OPTIMIZATION_LEVEL = "-Onone";
			};
			name = Debug;
		};
		5614C4F32B45BD87004D18FE /* Release */ = {
			isa = XCBuildConfiguration;
			buildSettings = {
				ALWAYS_SEARCH_USER_PATHS = NO;
				ASSETCATALOG_COMPILER_GENERATE_SWIFT_ASSET_SYMBOL_EXTENSIONS = YES;
				CLANG_ANALYZER_NONNULL = YES;
				CLANG_ANALYZER_NUMBER_OBJECT_CONVERSION = YES_AGGRESSIVE;
				CLANG_CXX_LANGUAGE_STANDARD = "gnu++20";
				CLANG_ENABLE_MODULES = YES;
				CLANG_ENABLE_OBJC_ARC = YES;
				CLANG_ENABLE_OBJC_WEAK = YES;
				CLANG_WARN_BLOCK_CAPTURE_AUTORELEASING = YES;
				CLANG_WARN_BOOL_CONVERSION = YES;
				CLANG_WARN_COMMA = YES;
				CLANG_WARN_CONSTANT_CONVERSION = YES;
				CLANG_WARN_DEPRECATED_OBJC_IMPLEMENTATIONS = YES;
				CLANG_WARN_DIRECT_OBJC_ISA_USAGE = YES_ERROR;
				CLANG_WARN_DOCUMENTATION_COMMENTS = YES;
				CLANG_WARN_EMPTY_BODY = YES;
				CLANG_WARN_ENUM_CONVERSION = YES;
				CLANG_WARN_INFINITE_RECURSION = YES;
				CLANG_WARN_INT_CONVERSION = YES;
				CLANG_WARN_NON_LITERAL_NULL_CONVERSION = YES;
				CLANG_WARN_OBJC_IMPLICIT_RETAIN_SELF = YES;
				CLANG_WARN_OBJC_LITERAL_CONVERSION = YES;
				CLANG_WARN_OBJC_ROOT_CLASS = YES_ERROR;
				CLANG_WARN_QUOTED_INCLUDE_IN_FRAMEWORK_HEADER = YES;
				CLANG_WARN_RANGE_LOOP_ANALYSIS = YES;
				CLANG_WARN_STRICT_PROTOTYPES = YES;
				CLANG_WARN_SUSPICIOUS_MOVE = YES;
				CLANG_WARN_UNGUARDED_AVAILABILITY = YES_AGGRESSIVE;
				CLANG_WARN_UNREACHABLE_CODE = YES;
				CLANG_WARN__DUPLICATE_METHOD_MATCH = YES;
				COPY_PHASE_STRIP = NO;
				DEBUG_INFORMATION_FORMAT = "dwarf-with-dsym";
				ENABLE_NS_ASSERTIONS = NO;
				ENABLE_STRICT_OBJC_MSGSEND = YES;
				ENABLE_USER_SCRIPT_SANDBOXING = YES;
				GCC_C_LANGUAGE_STANDARD = gnu17;
				GCC_NO_COMMON_BLOCKS = YES;
				GCC_WARN_64_TO_32_BIT_CONVERSION = YES;
				GCC_WARN_ABOUT_RETURN_TYPE = YES_ERROR;
				GCC_WARN_UNDECLARED_SELECTOR = YES;
				GCC_WARN_UNINITIALIZED_AUTOS = YES_AGGRESSIVE;
				GCC_WARN_UNUSED_FUNCTION = YES;
				GCC_WARN_UNUSED_VARIABLE = YES;
				LOCALIZATION_PREFERS_STRING_CATALOGS = YES;
				MACOSX_DEPLOYMENT_TARGET = 14.0;
				MTL_ENABLE_DEBUG_INFO = NO;
				MTL_FAST_MATH = YES;
				SDKROOT = macosx;
				SWIFT_COMPILATION_MODE = wholemodule;
			};
			name = Release;
		};
		5614C4F52B45BD87004D18FE /* Debug */ = {
			isa = XCBuildConfiguration;
			buildSettings = {
				ASSETCATALOG_COMPILER_APPICON_NAME = AppIcon;
				ASSETCATALOG_COMPILER_GLOBAL_ACCENT_COLOR_NAME = AccentColor;
				CODE_SIGN_ENTITLEMENTS = ExampleMacOS/ExampleMacOS.entitlements;
				CODE_SIGN_STYLE = Automatic;
				COMBINE_HIDPI_IMAGES = YES;
				CURRENT_PROJECT_VERSION = 1;
				DEVELOPMENT_ASSET_PATHS = "\"ExampleMacOS/Preview Content\"";
				DEVELOPMENT_TEAM = XH2JMYC7KB;
				ENABLE_HARDENED_RUNTIME = YES;
				ENABLE_PREVIEWS = YES;
				GENERATE_INFOPLIST_FILE = YES;
				INFOPLIST_KEY_NSHumanReadableCopyright = "";
				LD_RUNPATH_SEARCH_PATHS = (
					"$(inherited)",
					"@executable_path/../Frameworks",
				);
				MARKETING_VERSION = 1.0;
				PRODUCT_BUNDLE_IDENTIFIER = com.yukiny.app.ExampleMacOS;
				PRODUCT_NAME = "$(TARGET_NAME)";
				SWIFT_EMIT_LOC_STRINGS = YES;
				SWIFT_VERSION = 5.0;
			};
			name = Debug;
		};
		5614C4F62B45BD87004D18FE /* Release */ = {
			isa = XCBuildConfiguration;
			buildSettings = {
				ASSETCATALOG_COMPILER_APPICON_NAME = AppIcon;
				ASSETCATALOG_COMPILER_GLOBAL_ACCENT_COLOR_NAME = AccentColor;
				CODE_SIGN_ENTITLEMENTS = ExampleMacOS/ExampleMacOS.entitlements;
				CODE_SIGN_STYLE = Automatic;
				COMBINE_HIDPI_IMAGES = YES;
				CURRENT_PROJECT_VERSION = 1;
				DEVELOPMENT_ASSET_PATHS = "\"ExampleMacOS/Preview Content\"";
				DEVELOPMENT_TEAM = XH2JMYC7KB;
				ENABLE_HARDENED_RUNTIME = YES;
				ENABLE_PREVIEWS = YES;
				GENERATE_INFOPLIST_FILE = YES;
				INFOPLIST_KEY_NSHumanReadableCopyright = "";
				LD_RUNPATH_SEARCH_PATHS = (
					"$(inherited)",
					"@executable_path/../Frameworks",
				);
				MARKETING_VERSION = 1.0;
				PRODUCT_BUNDLE_IDENTIFIER = com.yukiny.app.ExampleMacOS;
				PRODUCT_NAME = "$(TARGET_NAME)";
				SWIFT_EMIT_LOC_STRINGS = YES;
				SWIFT_VERSION = 5.0;
			};
			name = Release;
		};
/* End XCBuildConfiguration section */

/* Begin XCConfigurationList section */
		5614C4E02B45BD85004D18FE /* Build configuration list for PBXProject "ExampleMacOS" */ = {
			isa = XCConfigurationList;
			buildConfigurations = (
				5614C4F22B45BD87004D18FE /* Debug */,
				5614C4F32B45BD87004D18FE /* Release */,
			);
			defaultConfigurationIsVisible = 0;
			defaultConfigurationName = Release;
		};
		5614C4F42B45BD87004D18FE /* Build configuration list for PBXNativeTarget "ExampleMacOS" */ = {
			isa = XCConfigurationList;
			buildConfigurations = (
				5614C4F52B45BD87004D18FE /* Debug */,
				5614C4F62B45BD87004D18FE /* Release */,
			);
			defaultConfigurationIsVisible = 0;
			defaultConfigurationName = Release;
		};
/* End XCConfigurationList section */

/* Begin XCLocalSwiftPackageReference section */
		5614C4F72B45BD97004D18FE /* XCLocalSwiftPackageReference "../.." */ = {
			isa = XCLocalSwiftPackageReference;
			relativePath = ../..;
		};
/* End XCLocalSwiftPackageReference section */

/* Begin XCSwiftPackageProductDependency section */
		5614C4F82B45BD97004D18FE /* EasyMetalShader */ = {
			isa = XCSwiftPackageProductDependency;
			productName = EasyMetalShader;
		};
/* End XCSwiftPackageProductDependency section */
	};
	rootObject = 5614C4DD2B45BD85004D18FE /* Project object */;
}
